
Microsoft Visual Studio Solution File, Format Version 12.00
# Visual Studio Version 16
VisualStudioVersion = 16.0.29911.84
MinimumVisualStudioVersion = 10.0.40219.1
Project("{FAE04EC0-301F-11D3-BF4B-00C04F79EFBC}") = "ImageProcessing", "ImageProcessing\ImageProcessing.csproj", "{DC02D2B5-ABF8-476F-99C7-E6E8CD806E0A}"
EndProject
Global
	GlobalSection(SolutionConfigurationPlatforms) = preSolution
		Debug|Any CPU = Debug|Any CPU
		Release|Any CPU = Release|Any CPU
	EndGlobalSection
	GlobalSection(ProjectConfigurationPlatforms) = postSolution
		{DC02D2B5-ABF8-476F-99C7-E6E8CD806E0A}.Debug|Any CPU.ActiveCfg = Debug|Any CPU
		{DC02D2B5-ABF8-476F-99C7-E6E8CD806E0A}.Debug|Any CPU.Build.0 = Debug|Any CPU
		{DC02D2B5-ABF8-476F-99C7-E6E8CD806E0A}.Release|Any CPU.ActiveCfg = Release|Any CPU
		{DC02D2B5-ABF8-476F-99C7-E6E8CD806E0A}.Release|Any CPU.Build.0 = Release|Any CPU
	EndGlobalSection
	GlobalSection(SolutionProperties) = preSolution
		HideSolutionNode = FALSE
	EndGlobalSection
	GlobalSection(ExtensibilityGlobals) = postSolution
		SolutionGuid = {75719037-A9D5-4D13-B441-95B2A1D094ED}
	EndGlobalSection
EndGlobal
